
Microsoft Visual Studio Solution File, Format Version 12.00
Project("{FAE04EC0-301F-11D3-BF4B-00C04F79EFBC}") = "financial_transaction", "financial_transaction\financial_transaction.csproj", "{1CAE05E9-21CC-42E6-93B0-A968744AB13F}"
EndProject
Global
	GlobalSection(SolutionConfigurationPlatforms) = preSolution
		Debug|Any CPU = Debug|Any CPU
		Release|Any CPU = Release|Any CPU
	EndGlobalSection
	GlobalSection(ProjectConfigurationPlatforms) = postSolution
		{1CAE05E9-21CC-42E6-93B0-A968744AB13F}.Debug|Any CPU.ActiveCfg = Debug|Any CPU
		{1CAE05E9-21CC-42E6-93B0-A968744AB13F}.Debug|Any CPU.Build.0 = Debug|Any CPU
		{1CAE05E9-21CC-42E6-93B0-A968744AB13F}.Release|Any CPU.ActiveCfg = Release|Any CPU
		{1CAE05E9-21CC-42E6-93B0-A968744AB13F}.Release|Any CPU.Build.0 = Release|Any CPU
	EndGlobalSection
EndGlobal
